
Microsoft Visual Studio Solution File, Format Version 12.00
# Visual Studio Version 17
VisualStudioVersion = 17.10.35027.167
MinimumVisualStudioVersion = 10.0.40219.1
Project("{FAE04EC0-301F-11D3-BF4B-00C04F79EFBC}") = "Singleton", "Singleton\Singleton.csproj", "{53B31978-8920-4CEC-A771-25648EEED006}"
EndProject
Project("{FAE04EC0-301F-11D3-BF4B-00C04F79EFBC}") = "Adapter", "Adapter\Adapter.csproj", "{E9007092-412F-4176-A260-A825394700C1}"
EndProject
Project("{FAE04EC0-301F-11D3-BF4B-00C04F79EFBC}") = "Bridge", "Bridge\Bridge.csproj", "{3A41A04B-237D-4488-9B93-5D144C56F7E6}"
EndProject
Project("{FAE04EC0-301F-11D3-BF4B-00C04F79EFBC}") = "Composite", "Composite\Composite.csproj", "{8C569824-8E1B-4D23-AB67-6B27E65063A4}"
EndProject
Project("{FAE04EC0-301F-11D3-BF4B-00C04F79EFBC}") = "Decorator", "Decorator\Decorator.csproj", "{337D68BC-3450-48E7-B7C7-CADB8D427CC5}"
EndProject
Global
	GlobalSection(SolutionConfigurationPlatforms) = preSolution
		Debug|Any CPU = Debug|Any CPU
		Release|Any CPU = Release|Any CPU
	EndGlobalSection
	GlobalSection(ProjectConfigurationPlatforms) = postSolution
		{53B31978-8920-4CEC-A771-25648EEED006}.Debug|Any CPU.ActiveCfg = Debug|Any CPU
		{53B31978-8920-4CEC-A771-25648EEED006}.Debug|Any CPU.Build.0 = Debug|Any CPU
		{53B31978-8920-4CEC-A771-25648EEED006}.Release|Any CPU.ActiveCfg = Release|Any CPU
		{53B31978-8920-4CEC-A771-25648EEED006}.Release|Any CPU.Build.0 = Release|Any CPU
		{E9007092-412F-4176-A260-A825394700C1}.Debug|Any CPU.ActiveCfg = Debug|Any CPU
		{E9007092-412F-4176-A260-A825394700C1}.Debug|Any CPU.Build.0 = Debug|Any CPU
		{E9007092-412F-4176-A260-A825394700C1}.Release|Any CPU.ActiveCfg = Release|Any CPU
		{E9007092-412F-4176-A260-A825394700C1}.Release|Any CPU.Build.0 = Release|Any CPU
		{3A41A04B-237D-4488-9B93-5D144C56F7E6}.Debug|Any CPU.ActiveCfg = Debug|Any CPU
		{3A41A04B-237D-4488-9B93-5D144C56F7E6}.Debug|Any CPU.Build.0 = Debug|Any CPU
		{3A41A04B-237D-4488-9B93-5D144C56F7E6}.Release|Any CPU.ActiveCfg = Release|Any CPU
		{3A41A04B-237D-4488-9B93-5D144C56F7E6}.Release|Any CPU.Build.0 = Release|Any CPU
		{8C569824-8E1B-4D23-AB67-6B27E65063A4}.Debug|Any CPU.ActiveCfg = Debug|Any CPU
		{8C569824-8E1B-4D23-AB67-6B27E65063A4}.Debug|Any CPU.Build.0 = Debug|Any CPU
		{8C569824-8E1B-4D23-AB67-6B27E65063A4}.Release|Any CPU.ActiveCfg = Release|Any CPU
		{8C569824-8E1B-4D23-AB67-6B27E65063A4}.Release|Any CPU.Build.0 = Release|Any CPU
		{337D68BC-3450-48E7-B7C7-CADB8D427CC5}.Debug|Any CPU.ActiveCfg = Debug|Any CPU
		{337D68BC-3450-48E7-B7C7-CADB8D427CC5}.Debug|Any CPU.Build.0 = Debug|Any CPU
		{337D68BC-3450-48E7-B7C7-CADB8D427CC5}.Release|Any CPU.ActiveCfg = Release|Any CPU
		{337D68BC-3450-48E7-B7C7-CADB8D427CC5}.Release|Any CPU.Build.0 = Release|Any CPU
	EndGlobalSection
	GlobalSection(SolutionProperties) = preSolution
		HideSolutionNode = FALSE
	EndGlobalSection
	GlobalSection(ExtensibilityGlobals) = postSolution
		SolutionGuid = {219506F2-F3F9-4DAB-8906-983C12DE290B}
	EndGlobalSection
EndGlobal
